
Microsoft Visual Studio Solution File, Format Version 12.00
# Visual Studio Version 17
VisualStudioVersion = 17.3.32929.385
MinimumVisualStudioVersion = 10.0.40219.1
Project("{FAE04EC0-301F-11D3-BF4B-00C04F79EFBC}") = "BiblioProject", "BiblioProject\BiblioProject.csproj", "{A474B03C-2F84-4826-99A5-4C82986D80DF}"
EndProject
Global
	GlobalSection(SolutionConfigurationPlatforms) = preSolution
		Debug|Any CPU = Debug|Any CPU
		Release|Any CPU = Release|Any CPU
	EndGlobalSection
	GlobalSection(ProjectConfigurationPlatforms) = postSolution
		{A474B03C-2F84-4826-99A5-4C82986D80DF}.Debug|Any CPU.ActiveCfg = Debug|Any CPU
		{A474B03C-2F84-4826-99A5-4C82986D80DF}.Debug|Any CPU.Build.0 = Debug|Any CPU
		{A474B03C-2F84-4826-99A5-4C82986D80DF}.Release|Any CPU.ActiveCfg = Release|Any CPU
		{A474B03C-2F84-4826-99A5-4C82986D80DF}.Release|Any CPU.Build.0 = Release|Any CPU
	EndGlobalSection
	GlobalSection(SolutionProperties) = preSolution
		HideSolutionNode = FALSE
	EndGlobalSection
	GlobalSection(ExtensibilityGlobals) = postSolution
		SolutionGuid = {950126B2-AFC7-4514-845E-509A512A6A7A}
	EndGlobalSection
EndGlobal
